version = 1
revision = 3
requires-python = ">=3.12"

[[package]]
name = "asgiref"
version = "3.11.1"
source = { registry = "https://pypi.org/simple" }
sdist = { url = "https://files.pythonhosted.org/packages/63/40/f03da1264ae8f7cfdbf9146542e5e7e8100a4c66ab48e791df9a03d3f6c0/asgiref-3.11.1.tar.gz", hash = "sha256:5f184dc43b7e763efe848065441eac62229c9f7b0475f41f80e207a114eda4ce", size = 38550, upload-time = "2026-02-03T13:30:14.33Z" }
wheels = [
    { url = "https://files.pythonhosted.org/packages/5c/0a/a72d10ed65068e115044937873362e6e32fab1b7dce0046aeb224682c989/asgiref-3.11.1-py3-none-any.whl", hash = "sha256:e8667a091e69529631969fd45dc268fa79b99c92c5fcdda727757e52146ec133", size = 24345, upload-time = "2026-02-03T13:30:13.039Z" },
]

[[package]]
name = "backend"
version = "0.1.0"
source = { virtual = "." }
dependencies = [
    { name = "django" },
    { name = "django-cors-headers" },
    { name = "djangorestframework" },
    { name = "gunicorn" },
    { name = "parsedatetime" },
    { name = "psycopg", extra = ["binary"] },
    { name = "python-dateutil" },
    { name = "recurrent" },
]

[package.metadata]
requires-dist = [
    { name = "django", specifier = ">=6.0.3" },
    { name = "django-cors-headers", specifier = ">=4.0" },
    { name = "djangorestframework", specifier = ">=3.17.0" },
    { name = "gunicorn", specifier = ">=26.2.0" },
    { name = "parsedatetime", specifier = ">=2.6" },
    { name = "psycopg", extras = ["binary"], specifier = ">=3.3.6" },
    { name = "python-dateutil", specifier = ">=2.9" },
    { name = "recurrent", specifier = ">=0.4" },
]

[[package]]
name = "django"
version = "6.0.6"
source = { registry = "https://pypi.org/simple" }
dependencies = [
    { name = "asgiref" },
    { name = "sqlparse" },
    { name = "tzdata", marker = "sys_platform == 'win32'" },
]
sdist = { url = "https://files.pythonhosted.org/packages/78/29/ac41e16097af67066d97a7d5775c5d8e7efc5d0284f6b0a159e07b9adb92/django-6.0.6.tar.gz", hash = "sha256:ad03916ba59523d781ae5c3f631960c23d69a9d9c43cecda52fc23b47e953713", size = 10905525, upload-time = "2026-06-03T13:02:46.503Z" }
wheels = [
    { url = "https://files.pythonhosted.org/packages/eb/50/23f9dc45483419a3cc2085b498b25adfbf10642b2941c73e6d2dfaffc9ab/django-6.0.6-py3-none-any.whl", hash = "sha256:25148b1194c47c2e685e5f5e9c5d59c78b075dfd282cb9618861ba6c1708f4d2", size = 8373354, upload-time = "2026-06-03T13:02:41.72Z" },
]

[[package]]
name = "django-cors-headers"
version = "4.9.0"
source = { registry = "https://pypi.org/simple" }
dependencies = [
    { name = "asgiref" },
    { name = "django" },
]
sdist = { url = "https://files.pythonhosted.org/packages/21/39/55822b15b7ec87410f34cd16ce04065ff390e50f9e29f31d6d116fc80456/django_cors_headers-4.9.0.tar.gz", hash = "sha256:fe5d7cb59fdc2c8c646ce84b727ac2bca8912a247e6e68e1fb507372178e59e8", size = 21458, upload-time = "2025-09-18T10:40:52.326Z" }
wheels = [
    { url = "https://files.pythonhosted.org/packages/30/d8/19ed1e47badf477d17fb177c1c19b5a21da0fd2d9f093f23be3fb86c5fab/django_cors_headers-4.9.0-py3-none-any.whl", hash = "sha256:15c7f20727f90044dcee2216a9fd7303741a864865f0c3657e28b7056f61b449", size = 12809, upload-time = "2025-09-18T10:40:50.843Z" },
]

[[package]]
name = "djangorestframework"
version = "3.17.1"
source = { registry = "https://pypi.org/simple" }
dependencies = [
    { name = "django" },
]
sdist = { url = "https://files.pythonhosted.org/packages/ca/d7/c016e69fac19ff8afdc89db9d31d9ae43ae031e4d1993b20aca179b8301a/djangorestframework-3.17.1.tar.gz", hash = "sha256:a6def5f447fe78ff853bff1d47a3c59bf38f5434b031780b351b0c73a62db1a5", size = 905742, upload-time = "2026-03-24T16:58:33.705Z" }
wheels = [
    { url = "https://files.pythonhosted.org/packages/5a/e1/2c516bdc83652b1a60c6119366ac2c0607b479ed05cd6093f916ca8928f8/djangorestframework-3.17.1-py3-none-any.whl", hash = "sha256:c3c74dd3e83a5a3efc37b3c18d92bd6f86a6791c7b7d4dff62bb068500e76457", size = 898844, upload-time = "2026-03-24T16:58:31.845Z" },
]

[[package]]
name = "gunicorn"
version = "26.2.0"
source = { registry = "https://pypi.org/simple" }
sdist = { url = "https://files.pythonhosted.org/packages/d9/8a/e4ef6ee11701b6cd64702848415ffb69eeff85cb388a3c6c7fe86f22f3f8/gunicorn-26.2.0.tar.gz", hash = "sha256:62b864895d9ebff0b2f9867ba04fe811c93121596540830c9c916d0769668447", size = 787921, upload-time = "2026-08-24T15:05:59.3Z" }
wheels = [
    { url = "https://files.pythonhosted.org/packages/fe/85/7522a52e5e2f42faf1a129113ab63e548c42e103e9af395b7bfe65e403e2/gunicorn-26.2.0-py3-none-any.whl", hash = "sha256:bd249d0b3f7972f7432f0a6b6ff3b3ee2d129f70cd1ff6c09a9dd9e29a2b88e3", size = 228389, upload-time = "2026-08-24T15:05:57.67Z" },
]

[[package]]
name = "parsedatetime"
version = "2.6"
source = { registry = "https://pypi.org/simple" }
sdist = { url = "https://files.pythonhosted.org/packages/a8/20/cb587f6672dbe585d101f590c3871d16e7aec5a576a1694997a3777312ac/parsedatetime-2.6.tar.gz", hash = "sha256:4cb368fbb18a0b7231f4d76119165451c8d2e35951455dfee97c62a87b04d455", size = 60114, upload-time = "2020-05-31T23:50:57.443Z" }
wheels = [
    { url = "https://files.pythonhosted.org/packages/9d/a4/3dd804926a42537bf69fb3ebb9fd72a50ba84f807d95df5ae016606c976c/parsedatetime-2.6-py3-none-any.whl", hash = "sha256:cb96edd7016872f58479e35879294258c71437195760746faffedb692aef000b", size = 42548, upload-time = "2020-05-31T23:50:56.315Z" },
]

[[package]]
name = "psycopg"
version = "3.3.6"
source = { registry = "https://pypi.org/simple" }
dependencies = [
    { name = "typing-extensions", marker = "python_full_version < '3.13'" },
    { name = "tzdata", marker = "sys_platform == 'win32'" },
]
sdist = { url = "https://files.pythonhosted.org/packages/76/26/3ea4ca5eaea1c0debcdf7ee7c1613fbe721dc27a03c461c0817ffd8a0601/psycopg-3.3.6.tar.gz", hash = "sha256:c081f2250df751a943036e42db6df4571c66cd0aabe8291a7a506512b12007d2", size = 168171, upload-time = "2026-09-18T13:22:55.152Z" }
wheels = [
    { url = "https://files.pythonhosted.org/packages/4e/de/748bd7609c71cae5d737f0ba9192f19329f70180ecda8fff3cac02c5abe3/psycopg-3.3.6-py3-none-any.whl", hash = "sha256:a1db9f7148b06a28606767efaca51fa6f9398c5c0a3810519be69d7000bdb631", size = 215490, upload-time = "2026-09-18T13:15:29.374Z" },
]

[package.optional-dependencies]
binary = [
    { name = "psycopg-binary", marker = "implementation_name != 'pypy'" },
]

[[package]]
name = "psycopg-binary"
version = "3.3.6"
source = { registry = "https://pypi.org/simple" }
wheels = [
    { url = "https://files.pythonhosted.org/packages/e6/01/2cdd1824e58b4467ee0b9498664cd28c42d8794db6b1e35b6bcb834f0044/psycopg_binary-3.3.6-cp312-cp312-macosx_10_13_x86_64.whl", hash = "sha256:3f84dab25e0385692ee13274c68678377e0b1a70ab9d14e56264cbf61f60c62d", size = 4707086, upload-time = "2026-09-18T13:18:05.138Z" },
    { url = "https://files.pythonhosted.org/packages/f6/76/de9948ac06895261c84d5b9fbe283d8f3c5bc9f070691b8d9eaa1b51e322/psycopg_binary-3.3.6-cp312-cp312-macosx_11_0_arm64.whl", hash = "sha256:612382ac3ed13651c7fa44b5fee9fbf7baaa2ddbc6f500391672682c5f1df9e0", size = 4769607, upload-time = "2026-09-18T13:18:12.83Z" },
    { url = "https://files.pythonhosted.org/packages/76/a9/72436c9915ee4905964689e7f0e182ce7767cc0a0390b3ce703be8177625/psycopg_binary-3.3.6-cp312-cp312-manylinux2014_ppc64le.manylinux_2_17_ppc64le.whl", hash = "sha256:366db6e97e66b37211475f20c4c1324a2dc0dd825e46d4e87f9d599304d276f9", size = 5554134, upload-time = "2026-09-18T13:18:21.175Z" },
    { url = "https://files.pythonhosted.org/packages/0a/42/948bb3d2617795093512613fd96ba380e922992c7908fbc073858147d196/psycopg_binary-3.3.6-cp312-cp312-manylinux2014_x86_64.manylinux_2_17_x86_64.whl", hash = "sha256:1679a1cb93fbe5a6d1fd58d82cbddcc6fcb8c61446ba7cae6eb2a7b19bc585de", size = 5235723, upload-time = "2026-09-18T13:18:27.071Z" },
    { url = "https://files.pythonhosted.org/packages/99/47/93e823ff1b0088400703410939c9bda3e63ed9c850b3ee088e8769f4c10b/psycopg_binary-3.3.6-cp312-cp312-manylinux_2_27_aarch64.manylinux_2_28_aarch64.whl", hash = "sha256:37d40450659401600e6d043ff586c89a71a69f33cbb8bcdba6cdb2569beecdbe", size = 6833587, upload-time = "2026-09-18T13:18:33.794Z" },
    { url = "https://files.pythonhosted.org/packages/5e/2d/ecc69c847795aa704041a9f5667a6b0938a088cf1853636d762a6938e493/psycopg_binary-3.3.6-cp312-cp312-manylinux_2_38_riscv64.manylinux_2_39_riscv64.whl", hash = "sha256:a5165300324efd5a772c48a88ab3a928513ab3979fca76553e62ee815f7b2b9c", size = 5070013, upload-time = "2026-09-18T13:18:39.628Z" },
    { url = "https://files.pythonhosted.org/packages/92/36/6126f0dac21713dcae91404f2a76da18598a6252339a8c669c46370d43b2/psycopg_binary-3.3.6-cp312-cp312-musllinux_1_2_aarch64.whl", hash = "sha256:d636338c8f21b0df2f84657b00bc34f9313f826ef93f1155bc743607e4a0c5eb", size = 4597367, upload-time = "2026-09-18T13:18:45.023Z" },
    { url = "https://files.pythonhosted.org/packages/4d/29/7ecfc04243b46c89ffd49924e9c5634ea904ef96c7d0f37e4073623584c1/psycopg_binary-3.3.6-cp312-cp312-musllinux_1_2_ppc64le.whl", hash = "sha256:a4ee3bdd5468a725f2a4d9aab8a74b6d0279f768c8b5d3aeb102c5307ff3d59c", size = 4275419, upload-time = "2026-09-18T13:18:49.299Z" },
    { url = "https://files.pythonhosted.org/packages/6e/90/2f46d2e0de79706ac170df0a3637fe63c4498fc04f131f6049520b78b806/psycopg_binary-3.3.6-cp312-cp312-musllinux_1_2_riscv64.whl", hash = "sha256:289aadd6a00e151203c081f708348ec89f1e483c9b510ef4ac3981f847f01f79", size = 4007358, upload-time = "2026-09-18T13:18:53.944Z" },
    { url = "https://files.pythonhosted.org/packages/03/48/6744e91291b751a8cf12d63d719977974bb94c84ceba913e7ddb2e478e51/psycopg_binary-3.3.6-cp312-cp312-musllinux_1_2_x86_64.whl", hash = "sha256:f21d057f3e5f5491067e5b292498073b73847d48799b099803fef100775fcc52", size = 4320156, upload-time = "2026-09-18T13:18:59.258Z" },
    { url = "https://files.pythonhosted.org/packages/1a/9b/94ff7fce53a64d5b286e2ec454e0a025cf3d6e6b4a9189bef16aa5de98b2/psycopg_binary-3.3.6-cp312-cp312-win_amd64.whl", hash = "sha256:e23a66a763fbe83fcc210bc77c27e5a5ea380ebf091c06f34d8561b695e5a40f", size = 3658864, upload-time = "2026-09-18T13:19:06.503Z" },
    { url = "https://files.pythonhosted.org/packages/b4/c3/c072584b69ad44a747b448cfc9766fecb8aae56e372a017e2ef668790057/psycopg_binary-3.3.6-cp313-cp313-macosx_10_13_x86_64.whl", hash = "sha256:5ad8f35e67cc16d1fad1fa8c88972dc9b3a3141ea67897399904edab96a301b6", size = 4712284, upload-time = "2026-09-18T13:19:13.451Z" },
    { url = "https://files.pythonhosted.org/packages/0a/b9/4283b785339e8e2318d03048994b093d650ea6289fabaa806b765dc0d449/psycopg_binary-3.3.6-cp313-cp313-macosx_11_0_arm64.whl", hash = "sha256:373704aea331d3f3e3402c125a1543f5875e2986ebb54f97d1647942161f803f", size = 4772031, upload-time = "2026-09-18T13:19:18.524Z" },
    { url = "https://files.pythonhosted.org/packages/6f/72/7a1321d359246769fff1affffbd0132785a28f7f63c18524c15a502398f4/psycopg_binary-3.3.6-cp313-cp313-manylinux2014_ppc64le.manylinux_2_17_ppc64le.whl", hash = "sha256:b82491019b884d62318b5f30706c3d7e6d4e5a6cb7eabcb3edc0c1b0fdaceae9", size = 5556392, upload-time = "2026-09-18T13:19:24.418Z" },
    { url = "https://files.pythonhosted.org/packages/de/b0/c6f8a0585a5dacbea74e130bcfc66629390e8f5bbc79d2a8e806e8952150/psycopg_binary-3.3.6-cp313-cp313-manylinux2014_x86_64.manylinux_2_17_x86_64.whl", hash = "sha256:cec5ea900390897d0b46130f60bc2883bf19c314f9044235217c8be88b0ef269", size = 5237855, upload-time = "2026-09-18T13:19:31.257Z" },
    { url = "https://files.pythonhosted.org/packages/e2/fc/c3a7a8bbef7e945ec584ac61d460a612363ea398511cd0e220242b1d69f1/psycopg_binary-3.3.6-cp313-cp313-manylinux_2_27_aarch64.manylinux_2_28_aarch64.whl", hash = "sha256:98c02090d88f2ebc0ec1e8da538f77d225ce0fffecf372aa39262e62a1b054ef", size = 6833856, upload-time = "2026-09-18T13:19:43.622Z" },
    { url = "https://files.pythonhosted.org/packages/a9/f2/8e80b921db728ebb68fc105bd7c4277f908210ad755bd6481d5ea7add740/psycopg_binary-3.3.6-cp313-cp313-manylinux_2_38_riscv64.manylinux_2_39_riscv64.whl", hash = "sha256:ee2c4728c691245e24501fcd7a97b5b381236b9985bc445bba88cdce7d1b5784", size = 5070730, upload-time = "2026-09-18T13:19:49.968Z" },
    { url = "https://files.pythonhosted.org/packages/54/6a/5b313e0c5348244f0e973aff3258bf86766656256d5ece8d541a53e35b4a/psycopg_binary-3.3.6-cp313-cp313-musllinux_1_2_aarch64.whl", hash = "sha256:f19cc87343eaa55255e76b31259a570072ac95d6ae82c92dd34b97691f5e49dc", size = 4598089, upload-time = "2026-09-18T13:19:56.426Z" },
    { url = "https://files.pythonhosted.org/packages/32/e9/db7f76ec24bf6699e92bf604e5c4bae10664a681a8999ef42aa0faf0f2c6/psycopg_binary-3.3.6-cp313-cp313-musllinux_1_2_ppc64le.whl", hash = "sha256:fdccb3a0e184b03e9baa673b15a809cf36c339c85dbda0ebc25a698846dfbee8", size = 4278481, upload-time = "2026-09-18T13:20:04.681Z" },
    { url = "https://files.pythonhosted.org/packages/61/83/72c67013656f4d6b547caabffb193e91d57e63f90eefdcc6d045c400e97d/psycopg_binary-3.3.6-cp313-cp313-musllinux_1_2_riscv64.whl", hash = "sha256:9892188bb15e5803beb51afe8a25add6b56be391a53058e8bca03b74e1e6bf22", size = 4009229, upload-time = "2026-09-18T13:20:11.905Z" },
    { url = "https://files.pythonhosted.org/packages/82/35/5e4500df2c999eb0faed8b184e6958b834172128274f06167a5deef4c19c/psycopg_binary-3.3.6-cp313-cp313-musllinux_1_2_x86_64.whl", hash = "sha256:3af90f92769d8cc10f94515ee7a0aef36ea85ca733a0ce22858f6e0953f41138", size = 4321467, upload-time = "2026-09-18T13:20:17.949Z" },
    { url = "https://files.pythonhosted.org/packages/55/7f/e350e1cf498ba2565c3f87b12f429d2012eb86b76c2b3845a19ee5fbb4d6/psycopg_binary-3.3.6-cp313-cp313-win_amd64.whl", hash = "sha256:0ebfad5d131de9f892ae9e70cc7616207768b6714b66a52d4612b8ceaf78b372", size = 3658179, upload-time = "2026-09-18T13:20:22.691Z" },
    { url = "https://files.pythonhosted.org/packages/6d/b9/60711317c284a442511644ea7185b56ebe627606d6741e732cd16108c47b/psycopg_binary-3.3.6-cp314-cp314-macosx_10_15_x86_64.whl", hash = "sha256:b3f75dee0f9afafabe4edc52c4842f1e1878ed2069bd05b22d6fe961e97e4dba", size = 4720512, upload-time = "2026-09-18T13:20:29.278Z" },
    { url = "https://files.pythonhosted.org/packages/63/da/28befc84454cbc6374550de7746f591f8fe1b6165c1fce249652cc8291c4/psycopg_binary-3.3.6-cp314-cp314-macosx_11_0_arm64.whl", hash = "sha256:5927b7ba63153cd8e9862987290a2b783a5c590daf2a4ef981700cc3569166d4", size = 4782318, upload-time = "2026-09-18T13:20:35.401Z" },
    { url = "https://files.pythonhosted.org/packages/a4/8a/0d21c2c833cdc0d4244c77e858e0ed37fa2abec2623be4fd686f617109ce/psycopg_binary-3.3.6-cp314-cp314-manylinux2014_ppc64le.manylinux_2_17_ppc64le.whl", hash = "sha256:0bf08b749cc144f33b44a91b78e3f71c60eb07963746a0df5a100b36ce3d7475", size = 5567460, upload-time = "2026-09-18T13:20:41.902Z" },
    { url = "https://files.pythonhosted.org/packages/49/6d/7692d0d4e656b6cc9868d8acc2e3b42f17a0db4a625400a6d093cb0533a1/psycopg_binary-3.3.6-cp314-cp314-manylinux2014_x86_64.manylinux_2_17_x86_64.whl", hash = "sha256:31cd942c23f613276b81a6e6598cefa12960058b0f46e1e874b540c793f6aca5", size = 5246902, upload-time = "2026-09-18T13:20:47.661Z" },
    { url = "https://files.pythonhosted.org/packages/d4/c1/b8a1f18fb1b7558a17f57f7cb3fc8bc93189feea2958925950b3acb15743/psycopg_binary-3.3.6-cp314-cp314-manylinux_2_27_aarch64.manylinux_2_28_aarch64.whl", hash = "sha256:4690cf67738f0e0e49a32aeec99bf0e4595cc2b4f1af984a4345394b1dcff91a", size = 6847192, upload-time = "2026-09-18T13:20:56.874Z" },
    { url = "https://files.pythonhosted.org/packages/a5/76/404f33519167c65cca88ec4998776f1dbebccc301ee977f0e62c47fb0826/psycopg_binary-3.3.6-cp314-cp314-manylinux_2_38_riscv64.manylinux_2_39_riscv64.whl", hash = "sha256:ad1c785e784cfd87e8436c6b7702f2d321fc39601bbaf29bc63a41a867091638", size = 5079573, upload-time = "2026-09-18T13:21:04.155Z" },
    { url = "https://files.pythonhosted.org/packages/f0/d9/79e8fbc8f37262a415f3550f0bcc5f98037442bf3d12ef6cbae2056655ae/psycopg_binary-3.3.6-cp314-cp314-musllinux_1_2_aarch64.whl", hash = "sha256:79a2a1c3449f6c3409427078ed1cec10de79f3023cb5f2504f0597d350ad46c7", size = 4613633, upload-time = "2026-09-18T13:21:10.664Z" },
    { url = "https://files.pythonhosted.org/packages/d4/47/96225db74be7d2ce04b3a58678b53cda610225055edf5faa775c9f501d8b/psycopg_binary-3.3.6-cp314-cp314-musllinux_1_2_ppc64le.whl", hash = "sha256:86147cb5d140341c3363fb5bacce31f8d5543902a46699d3c536b101bbceaf9e", size = 4293375, upload-time = "2026-09-18T13:21:16.027Z" },
    { url = "https://files.pythonhosted.org/packages/2a/d2/18e9c779a5efd565250329adaf529ecc2b8b2ed5be5cb0f6ccee208cbfd9/psycopg_binary-3.3.6-cp314-cp314-musllinux_1_2_riscv64.whl", hash = "sha256:7308c93cf0b19bbaf8e6ff0a6ad50d3c442385739245fe15a8d593bf841734a6", size = 4019883, upload-time = "2026-09-18T13:21:21.587Z" },
    { url = "https://files.pythonhosted.org/packages/ef/28/0cc654afc6c2cda982767f5679d3646b30b1ec86545bdaa9402202d6776c/psycopg_binary-3.3.6-cp314-cp314-musllinux_1_2_x86_64.whl", hash = "sha256:05a83ac9fd52b9bca7cb5ab04b3691163170bd16f53defa27216ea3aa07ee781", size = 4332607, upload-time = "2026-09-18T13:21:27.63Z" },
    { url = "https://files.pythonhosted.org/packages/f1/3e/0a753a74fbd7aef120f286c016e09d3cc3f1daf7688f4a145d27281260b2/psycopg_binary-3.3.6-cp314-cp314-win_amd64.whl", hash = "sha256:1fbd30e537dab22cafdf080608f10148fe2a5f3a61294ddb5113caac8a623840", size = 3755671, upload-time = "2026-09-18T13:21:33.855Z" },
    { url = "https://files.pythonhosted.org/packages/0e/b1/a372b9c02aea50148e71c9853e19efca8fa5ae2010a8e27243b9b8f790c0/psycopg_binary-3.3.6-cp315-cp315-macosx_10_15_x86_64.whl", hash = "sha256:bf8c8481d026b85dd70c5fa7dde85b2333aed0b32a2602bcd38a900cbd78a49c", size = 4719571, upload-time = "2026-09-18T13:21:41.437Z" },
    { url = "https://files.pythonhosted.org/packages/65/7c/811e3828c6b82e2f10c6c9cdd963cfc66f3e024026e5a69ac18530bad984/psycopg_binary-3.3.6-cp315-cp315-macosx_11_0_arm64.whl", hash = "sha256:b599defe9190b17e9907c8b4d114c181e702c87efcd1b8a0ad40971cdcc4634a", size = 4781230, upload-time = "2026-09-18T13:21:49.516Z" },
    { url = "https://files.pythonhosted.org/packages/3e/15/9a784eed813ea9e97c294af3ead63d02b7b203502c66380336c50065e441/psycopg_binary-3.3.6-cp315-cp315-manylinux2014_ppc64le.manylinux_2_17_ppc64le.whl", hash = "sha256:b8ece331509f7a975b90501f41e83ad905e4141753fedf3f2711b2bc70a8efbc", size = 5566111, upload-time = "2026-09-18T13:21:58.089Z" },
    { url = "https://files.pythonhosted.org/packages/68/16/47194e002007c27337b11e49bf459c4b19727463f9aff2e1a90917bcc806/psycopg_binary-3.3.6-cp315-cp315-manylinux2014_x86_64.manylinux_2_17_x86_64.whl", hash = "sha256:c61617eaae0112ca154da87ffb99b73af2c74067acac28dfb9a4455b019dff2e", size = 5249963, upload-time = "2026-09-18T13:22:06.695Z" },
    { url = "https://files.pythonhosted.org/packages/53/84/5dcf9f310b11f0675cd860c6b2c70f58ce61798a3ee3f6f962b53fa358ca/psycopg_binary-3.3.6-cp315-cp315-manylinux_2_27_aarch64.manylinux_2_28_aarch64.whl", hash = "sha256:c6d19cb4999d03231e8730a5f66c8f5068bc3b532677eb39dab0f600bff3e312", size = 6847925, upload-time = "2026-09-18T13:22:13.088Z" },
    { url = "https://files.pythonhosted.org/packages/f3/06/1957a06dc22963c418c27b284929579de84f29c37ad1abe6dc6ee9e8cf25/psycopg_binary-3.3.6-cp315-cp315-manylinux_2_38_riscv64.manylinux_2_39_riscv64.whl", hash = "sha256:e8cbb54454dbf1bbf2ff08dd7693e8d94ac94b1a20f70f4b3b813d52ecb5cbc1", size = 5087720, upload-time = "2026-09-18T13:22:17.959Z" },
    { url = "https://files.pythonhosted.org/packages/21/43/ac07d042bae99b57bf123bb473632f29af544008094da0ffd285ab8011e2/psycopg_binary-3.3.6-cp315-cp315-musllinux_1_2_aarch64.whl", hash = "sha256:dc75da5a20951049f7b773145f998f69d181adad9c58a0ff36e0cf1d73c10e10", size = 4613412, upload-time = "2026-09-18T13:22:26.719Z" },
    { url = "https://files.pythonhosted.org/packages/aa/b1/019156fbeafcefb4cccc9d109de4699493bceb8313c7545c8349e089dfbc/psycopg_binary-3.3.6-cp315-cp315-musllinux_1_2_ppc64le.whl", hash = "sha256:955e3dd94da361e052d2e49acf591017158dc8f8ed2c8a42c2e3943403c39dc2", size = 4292618, upload-time = "2026-09-18T13:22:33.042Z" },
    { url = "https://files.pythonhosted.org/packages/5d/0f/62113dc6b1df65983a1f2fc816c04b1edfa22f2ae9d4abee74ed267f4a96/psycopg_binary-3.3.6-cp315-cp315-musllinux_1_2_riscv64.whl", hash = "sha256:c7753871eb57e6a5f4646f6168590c6653073dea5e9e720b201c8875332df4c8", size = 4027121, upload-time = "2026-09-18T13:22:38.334Z" },
    { url = "https://files.pythonhosted.org/packages/5d/d5/cf0cbd1ea5a7d8167fe2c6953efde19101f7b193bd61a23e6d622ad6854c/psycopg_binary-3.3.6-cp315-cp315-musllinux_1_2_x86_64.whl", hash = "sha256:303732e798fe6729f8e12021b9c96107df8e95ecec4dd487c67b98ec2a59435e", size = 4336388, upload-time = "2026-09-18T13:22:45.576Z" },
    { url = "https://files.pythonhosted.org/packages/98/33/e2a5b36edf8aa422f6fa4b894756eb33dc93b36df5f65121280bb8b929c4/psycopg_binary-3.3.6-cp315-cp315-win_amd64.whl", hash = "sha256:2f122603f36050937982abf9668d8bc4769a79f7c93a65013b1c49f1cab7b56b", size = 3756154, upload-time = "2026-09-18T13:22:51.283Z" },
]

[[package]]
name = "python-dateutil"
version = "2.9.0.post0"
source = { registry = "https://pypi.org/simple" }
dependencies = [
    { name = "six" },
]
sdist = { url = "https://files.pythonhosted.org/packages/66/c0/0c8b6ad9f17a802ee498c46e004a0eb49bc148f2fd230864601a86dcf6db/python-dateutil-2.9.0.post0.tar.gz", hash = "sha256:37dd54208da7e1cd875388217d5e00ebd4179249f90fb72437e91a35459a0ad3", size = 342432, upload-time = "2024-03-01T18:36:20.211Z" }
wheels = [
    { url = "https://files.pythonhosted.org/packages/ec/57/56b9bcc3c9c6a792fcbaf139543cee77261f3651ca9da0c93f5c1221264b/python_dateutil-2.9.0.post0-py2.py3-none-any.whl", hash = "sha256:a8b2bc7bffae282281c8140a97d3aa9c14da0b136dfe83f850eea9a5f7470427", size = 229892, upload-time = "2024-03-01T18:36:18.57Z" },
]

[[package]]
name = "recurrent"
version = "0.4.1"
source = { registry = "https://pypi.org/simple" }
dependencies = [
    { name = "parsedatetime" },
]
sdist = { url = "https://files.pythonhosted.org/packages/a6/fc/bcfe62401f4ac5ab45ba859e6c422a80389331a45c19fa6b5ef3aba06e29/recurrent-0.4.1.tar.gz", hash = "sha256:5452089d2cf1294dbaa51463798284bd8abd9a852ff0785dbb317851c5b596a6", size = 22950, upload-time = "2021-08-16T15:52:42.967Z" }

[[package]]
name = "six"
version = "1.17.0"
source = { registry = "https://pypi.org/simple" }
sdist = { url = "https://files.pythonhosted.org/packages/94/e7/b2c673351809dca68a0e064b6af791aa332cf192da575fd474ed7d6f16a2/six-1.17.0.tar.gz", hash = "sha256:ff70335d468e7eb6ec65b95b99d3a2836546063f63acc5171de367e834932a81", size = 34031, upload-time = "2024-12-04T17:35:28.174Z" }
wheels = [
    { url = "https://files.pythonhosted.org/packages/b7/ce/149a00dd41f10bc29e5921b496af8b574d8413afcd5e30dfa0ed46c2cc5e/six-1.17.0-py2.py3-none-any.whl", hash = "sha256:4721f391ed90541fddacab5acf947aa0d3dc7d27b2e1e8eda2be8970586c3274", size = 11050, upload-time = "2024-12-04T17:35:26.475Z" },
]

[[package]]
name = "sqlparse"
version = "0.5.5"
source = { registry = "https://pypi.org/simple" }
sdist = { url = "https://files.pythonhosted.org/packages/90/76/437d71068094df0726366574cf3432a4ed754217b436eb7429415cf2d480/sqlparse-0.5.5.tar.gz", hash = "sha256:e20d4a9b0b8585fdf63b10d30066c7c94c5d7a7ec47c889a2d83a3caa93ff28e", size = 120815, upload-time = "2025-12-19T07:17:45.073Z" }
wheels = [
    { url = "https://files.pythonhosted.org/packages/49/4b/359f28a903c13438ef59ebeee215fb25da53066db67b305c125f1c6d2a25/sqlparse-0.5.5-py3-none-any.whl", hash = "sha256:12a08b3bf3eec877c519589833aed092e2444e68240a3577e8e26148acc7b1ba", size = 46138, upload-time = "2025-12-19T07:17:46.573Z" },
]

[[package]]
name = "typing-extensions"
version = "4.16.0"
source = { registry = "https://pypi.org/simple" }
sdist = { url = "https://files.pythonhosted.org/packages/f6/cc/6253133b5bb138fc3306cebfbda2c520f545d36b5be2c7255cc528bb45d6/typing_extensions-4.16.0.tar.gz", hash = "sha256:dc983d19a509c94dba722ee6abd33940f7c05a89e243c47e907eb4db6f1a43e5", size = 113555, upload-time = "2026-07-02T08:40:05.92Z" }
wheels = [
    { url = "https://files.pythonhosted.org/packages/49/d3/b8441a820a491ddfc024b0b0cf0393375b75ea13866d9c66727e54c2fc80/typing_extensions-4.16.0-py3-none-any.whl", hash = "sha256:481caa481374e813c1b176ada14e97f1f67a4539ce9cfeb3f350d78d6370c2e8", size = 45571, upload-time = "2026-07-02T08:40:04.659Z" },
]

[[package]]
name = "tzdata"
version = "2026.2"
source = { registry = "https://pypi.org/simple" }
sdist = { url = "https://files.pythonhosted.org/packages/ba/19/1b9b0e29f30c6d35cb345486df41110984ea67ae69dddbc0e8a100999493/tzdata-2026.2.tar.gz", hash = "sha256:9173fde7d80d9018e02a662e168e5a2d04f87c41ea174b139fbef642eda62d10", size = 198254, upload-time = "2026-04-24T15:22:08.651Z" }
wheels = [
    { url = "https://files.pythonhosted.org/packages/ce/e4/dccd7f47c4b64213ac01ef921a1337ee6e30e8c6466046018326977efd95/tzdata-2026.2-py2.py3-none-any.whl", hash = "sha256:bbe9af844f658da81a5f95019480da3a89415801f6cc966806612cc7169bffe7", size = 349321, upload-time = "2026-04-24T15:22:05.876Z" },
]
